
Microsoft Visual Studio Solution File, Format Version 12.00
# Visual Studio Version 17
VisualStudioVersion = 17.11.35312.102
MinimumVisualStudioVersion = 10.0.40219.1
Project("{2150E333-8FDC-42A3-9474-1A3956D46DE8}") = "Task0", "Task0", "{128027BE-BE1D-4A1A-8DD0-15A7718D1B9C}"
EndProject
Project("{9A19103F-16F7-4668-BE54-9A1E7A4F7556}") = "Tyuiu.KosyanovDV.Sprint3.Task0.V1", "Tyuiu.KosyanovDV.Sprint3.Task0.V1\Tyuiu.KosyanovDV.Sprint3.Task0.V1.csproj", "{8D670CB4-A3B2-4B5B-9799-6AE45B17D076}"
EndProject
Project("{9A19103F-16F7-4668-BE54-9A1E7A4F7556}") = "Tyuiu.KosyanovDV.Sprint3.Task0.V1.Lib", "Tyuiu.KosyanovDV.Sprint3.Task0.V1.Lib\Tyuiu.KosyanovDV.Sprint3.Task0.V1.Lib.csproj", "{A84FF104-421A-456D-ACCF-F9F1A049846C}"
EndProject
Project("{9A19103F-16F7-4668-BE54-9A1E7A4F7556}") = "Tyuiu.KosyanovDV.Sprint3.Task0.V1.Test", "Tyuiu.KosyanovDV.Sprint3.Task0.V1.Test\Tyuiu.KosyanovDV.Sprint3.Task0.V1.Test.csproj", "{EE2BC22A-2F4F-4EBE-B1D4-37083EE444C6}"
EndProject
Project("{2150E333-8FDC-42A3-9474-1A3956D46DE8}") = "Task1", "Task1", "{7876DB8A-F780-4539-AC3A-4E24EAF95595}"
EndProject
Project("{9A19103F-16F7-4668-BE54-9A1E7A4F7556}") = "Tyuiu.KosyanovDV.Sprint3.Task1.V29", "Tyuiu.KosyanovDV.Sprint3.Task1.V29\Tyuiu.KosyanovDV.Sprint3.Task1.V29.csproj", "{ACD0E4D3-5D8F-4A69-A0E6-6E47E44ACCA1}"
EndProject
Project("{9A19103F-16F7-4668-BE54-9A1E7A4F7556}") = "Tyuiu.KosyanovDV.Sprint3.Task1.V29.Lib", "Tyuiu.KosyanovDV.Sprint3.Task1.V29.Lib\Tyuiu.KosyanovDV.Sprint3.Task1.V29.Lib.csproj", "{0988D81A-7A8F-49D7-9BDF-0EB2DB37870D}"
EndProject
Project("{9A19103F-16F7-4668-BE54-9A1E7A4F7556}") = "Tyuiu.KosyanovDV.Sprint3.Task1.V29.Test", "Tyuiu.KosyanovDV.Sprint3.Task1.V29.Test\Tyuiu.KosyanovDV.Sprint3.Task1.V29.Test.csproj", "{099DCFB7-A0B9-4F20-B19D-928CCD7F44C6}"
EndProject
Project("{2150E333-8FDC-42A3-9474-1A3956D46DE8}") = "Task2", "Task2", "{70C1CC3A-A839-45D2-9012-5B01EB739019}"
EndProject
Project("{9A19103F-16F7-4668-BE54-9A1E7A4F7556}") = "Tyuiu.KosyanovDV.Sprint3.Task2.V25", "Tyuiu.KosyanovDV.Sprint3.Task2.V25\Tyuiu.KosyanovDV.Sprint3.Task2.V25.csproj", "{342DFBF5-7B22-4963-991B-A8A4CB43A293}"
EndProject
Project("{9A19103F-16F7-4668-BE54-9A1E7A4F7556}") = "Tyuiu.KosyanovDV.Sprint3.Task2.V25.Test", "Tyuiu.KosyanovDV.Sprint3.Task2.V25.Test\Tyuiu.KosyanovDV.Sprint3.Task2.V25.Test.csproj", "{12D122AA-D76F-48A8-8513-839F1B2A01E3}"
EndProject
Project("{9A19103F-16F7-4668-BE54-9A1E7A4F7556}") = "Tyuiu.KosyanovDV.Sprint3.Task2.V25.Lib", "Tyuiu.KosyanovDV.Sprint3.Task2.V25.Lib\Tyuiu.KosyanovDV.Sprint3.Task2.V25.Lib.csproj", "{966BCAB2-A5F6-41D1-8957-668A549212A3}"
EndProject
Project("{2150E333-8FDC-42A3-9474-1A3956D46DE8}") = "Task3", "Task3", "{D21A3B05-A349-42E7-A90E-BE58D5461EC4}"
EndProject
Project("{9A19103F-16F7-4668-BE54-9A1E7A4F7556}") = "Tyuiu.KosyanovDV.Sprint3.Task3.V21", "Tyuiu.KosyanovDV.Sprint3.Task3.V21\Tyuiu.KosyanovDV.Sprint3.Task3.V21.csproj", "{E080E071-8975-4AD2-B0CB-F3E5A3C02B3E}"
EndProject
Project("{9A19103F-16F7-4668-BE54-9A1E7A4F7556}") = "Tyuiu.KosyanovDV.Sprint3.Task3.V21.Lib", "Tyuiu.KosyanovDV.Sprint3.Task3.V21.Lib\Tyuiu.KosyanovDV.Sprint3.Task3.V21.Lib.csproj", "{1642E2FD-D681-4164-90D2-9936DAB3C988}"
EndProject
Project("{9A19103F-16F7-4668-BE54-9A1E7A4F7556}") = "Tyuiu.KosyanovDV.Sprint3.Task3.V21.Test", "Tyuiu.KosyanovDV.Sprint3.Task3.V21.Test\Tyuiu.KosyanovDV.Sprint3.Task3.V21.Test.csproj", "{27237B39-1E68-46B1-BDBC-EC3BE2A28F95}"
EndProject
Project("{2150E333-8FDC-42A3-9474-1A3956D46DE8}") = "Task4", "Task4", "{E7B3C5C9-9E02-4B41-B61E-9FCAF39D14C1}"
EndProject
Project("{9A19103F-16F7-4668-BE54-9A1E7A4F7556}") = "Tyuiu.KosyanovDV.Sprint3.Task4.V19", "Tyuiu.KosyanovDV.Sprint3.Task4.V19\Tyuiu.KosyanovDV.Sprint3.Task4.V19.csproj", "{DD06EB97-9822-415F-99D8-C0732DC5C26D}"
EndProject
Project("{9A19103F-16F7-4668-BE54-9A1E7A4F7556}") = "Tyuiu.KosyanovDV.Sprint3.Task4.V19.Lib", "Tyuiu.KosyanovDV.Sprint3.Task4.V19.Lib\Tyuiu.KosyanovDV.Sprint3.Task4.V19.Lib.csproj", "{12700E72-2B17-4E0A-A36E-281DF7EC224A}"
EndProject
Project("{9A19103F-16F7-4668-BE54-9A1E7A4F7556}") = "Tyuiu.KosyanovDV.Sprint3.Task4.V19.Test", "Tyuiu.KosyanovDV.Sprint3.Task4.V19.Test\Tyuiu.KosyanovDV.Sprint3.Task4.V19.Test.csproj", "{7E5C56F1-E4AE-4F4A-AFB2-FEA3F421F7CC}"
EndProject
Project("{2150E333-8FDC-42A3-9474-1A3956D46DE8}") = "Task5", "Task5", "{61F814AE-C905-4301-B886-6FFA9BBE2EEC}"
EndProject
Project("{9A19103F-16F7-4668-BE54-9A1E7A4F7556}") = "Tyuiu.KosyanovDV.Sprint3.Task5.V30", "Tyuiu.KosyanovDV.Sprint3.Task5.V30\Tyuiu.KosyanovDV.Sprint3.Task5.V30.csproj", "{95D40006-8C78-41F7-A336-D3448D534901}"
EndProject
Project("{9A19103F-16F7-4668-BE54-9A1E7A4F7556}") = "Tyuiu.KosyanovDV.Sprint3.Task5.V30.Lib", "Tyuiu.KosyanovDV.Sprint3.Task5.V30.Lib\Tyuiu.KosyanovDV.Sprint3.Task5.V30.Lib.csproj", "{E18730D4-836C-4A1A-BB39-F4E2F35CA07E}"
EndProject
Project("{9A19103F-16F7-4668-BE54-9A1E7A4F7556}") = "Tyuiu.KosyanovDV.Sprint3.Task5.V30.Test", "Tyuiu.KosyanovDV.Sprint3.Task5.V30.Test\Tyuiu.KosyanovDV.Sprint3.Task5.V30.Test.csproj", "{01E3B53C-A1F4-4F03-B840-E5104ECB4164}"
EndProject
Project("{2150E333-8FDC-42A3-9474-1A3956D46DE8}") = "Task6", "Task6", "{476AE94E-C224-4DE6-A475-F000F7664A60}"
EndProject
Project("{9A19103F-16F7-4668-BE54-9A1E7A4F7556}") = "Tyuiu.KosyanovDV.Sprint3.Task6.V30", "Tyuiu.KosyanovDV.Sprint3.Task6.V30\Tyuiu.KosyanovDV.Sprint3.Task6.V30.csproj", "{091DBD7F-E1A2-420D-889A-EFE4EED1078D}"
EndProject
Project("{9A19103F-16F7-4668-BE54-9A1E7A4F7556}") = "Tyuiu.KosyanovDV.Sprint3.Task6.V30.Lib", "Tyuiu.KosyanovDV.Sprint3.Task6.V30.Lib\Tyuiu.KosyanovDV.Sprint3.Task6.V30.Lib.csproj", "{DFDFDBC0-D0D8-4DCE-B6E5-AE5101C4B4D7}"
EndProject
Project("{9A19103F-16F7-4668-BE54-9A1E7A4F7556}") = "Tyuiu.KosyanovDV.Sprint3.Task6.V30.Test", "Tyuiu.KosyanovDV.Sprint3.Task6.V30.Test\Tyuiu.KosyanovDV.Sprint3.Task6.V30.Test.csproj", "{17540D60-A28A-4F04-A230-C8E247474620}"
EndProject
Project("{2150E333-8FDC-42A3-9474-1A3956D46DE8}") = "Task7", "Task7", "{0FE59E75-E538-4533-817C-5617A1660E84}"
EndProject
Project("{FAE04EC0-301F-11D3-BF4B-00C04F79EFBC}") = "Tyuiu.KosyanovDV.Sprint3.Task7.V7", "Tyuiu.KosyanovDV.Sprint3.Task7.V7\Tyuiu.KosyanovDV.Sprint3.Task7.V7.csproj", "{5DF18F2E-E6AE-4F05-95F2-ACF59398FA60}"
EndProject
Project("{FAE04EC0-301F-11D3-BF4B-00C04F79EFBC}") = "Tyuiu.KosyanovDV.Sprint3.Task7.V7.Lib", "Tyuiu.KosyanovDV.Sprint3.Task7.V7.Lib\Tyuiu.KosyanovDV.Sprint3.Task7.V7.Lib.csproj", "{F93A1614-748E-48DA-8266-B6CEE0EA8C0D}"
EndProject
Project("{FAE04EC0-301F-11D3-BF4B-00C04F79EFBC}") = "Tyuiu.KosyanovDV.Sprint3.Task7.V7.Test", "Tyuiu.KosyanovDV.Sprint3.Task7.V7.Test\Tyuiu.KosyanovDV.Sprint3.Task7.V7.Test.csproj", "{383DDA0D-2D09-4B9E-B6F0-B790D2C3B7B6}"
EndProject
Global
	GlobalSection(SolutionConfigurationPlatforms) = preSolution
		Debug|Any CPU = Debug|Any CPU
		Release|Any CPU = Release|Any CPU
	EndGlobalSection
	GlobalSection(ProjectConfigurationPlatforms) = postSolution
		{8D670CB4-A3B2-4B5B-9799-6AE45B17D076}.Debug|Any CPU.ActiveCfg = Debug|Any CPU
		{8D670CB4-A3B2-4B5B-9799-6AE45B17D076}.Debug|Any CPU.Build.0 = Debug|Any CPU
		{8D670CB4-A3B2-4B5B-9799-6AE45B17D076}.Release|Any CPU.ActiveCfg = Release|Any CPU
		{8D670CB4-A3B2-4B5B-9799-6AE45B17D076}.Release|Any CPU.Build.0 = Release|Any CPU
		{A84FF104-421A-456D-ACCF-F9F1A049846C}.Debug|Any CPU.ActiveCfg = Debug|Any CPU
		{A84FF104-421A-456D-ACCF-F9F1A049846C}.Debug|Any CPU.Build.0 = Debug|Any CPU
		{A84FF104-421A-456D-ACCF-F9F1A049846C}.Release|Any CPU.ActiveCfg = Release|Any CPU
		{A84FF104-421A-456D-ACCF-F9F1A049846C}.Release|Any CPU.Build.0 = Release|Any CPU
		{EE2BC22A-2F4F-4EBE-B1D4-37083EE444C6}.Debug|Any CPU.ActiveCfg = Debug|Any CPU
		{EE2BC22A-2F4F-4EBE-B1D4-37083EE444C6}.Debug|Any CPU.Build.0 = Debug|Any CPU
		{EE2BC22A-2F4F-4EBE-B1D4-37083EE444C6}.Release|Any CPU.ActiveCfg = Release|Any CPU
		{EE2BC22A-2F4F-4EBE-B1D4-37083EE444C6}.Release|Any CPU.Build.0 = Release|Any CPU
		{ACD0E4D3-5D8F-4A69-A0E6-6E47E44ACCA1}.Debug|Any CPU.ActiveCfg = Debug|Any CPU
		{ACD0E4D3-5D8F-4A69-A0E6-6E47E44ACCA1}.Debug|Any CPU.Build.0 = Debug|Any CPU
		{ACD0E4D3-5D8F-4A69-A0E6-6E47E44ACCA1}.Release|Any CPU.ActiveCfg = Release|Any CPU
		{ACD0E4D3-5D8F-4A69-A0E6-6E47E44ACCA1}.Release|Any CPU.Build.0 = Release|Any CPU
		{0988D81A-7A8F-49D7-9BDF-0EB2DB37870D}.Debug|Any CPU.ActiveCfg = Debug|Any CPU
		{0988D81A-7A8F-49D7-9BDF-0EB2DB37870D}.Debug|Any CPU.Build.0 = Debug|Any CPU
		{0988D81A-7A8F-49D7-9BDF-0EB2DB37870D}.Release|Any CPU.ActiveCfg = Release|Any CPU
		{0988D81A-7A8F-49D7-9BDF-0EB2DB37870D}.Release|Any CPU.Build.0 = Release|Any CPU
		{099DCFB7-A0B9-4F20-B19D-928CCD7F44C6}.Debug|Any CPU.ActiveCfg = Debug|Any CPU
		{099DCFB7-A0B9-4F20-B19D-928CCD7F44C6}.Debug|Any CPU.Build.0 = Debug|Any CPU
		{099DCFB7-A0B9-4F20-B19D-928CCD7F44C6}.Release|Any CPU.ActiveCfg = Release|Any CPU
		{099DCFB7-A0B9-4F20-B19D-928CCD7F44C6}.Release|Any CPU.Build.0 = Release|Any CPU
		{342DFBF5-7B22-4963-991B-A8A4CB43A293}.Debug|Any CPU.ActiveCfg = Debug|Any CPU
		{342DFBF5-7B22-4963-991B-A8A4CB43A293}.Debug|Any CPU.Build.0 = Debug|Any CPU
		{342DFBF5-7B22-4963-991B-A8A4CB43A293}.Release|Any CPU.ActiveCfg = Release|Any CPU
		{342DFBF5-7B22-4963-991B-A8A4CB43A293}.Release|Any CPU.Build.0 = Release|Any CPU
		{12D122AA-D76F-48A8-8513-839F1B2A01E3}.Debug|Any CPU.ActiveCfg = Debug|Any CPU
		{12D122AA-D76F-48A8-8513-839F1B2A01E3}.Debug|Any CPU.Build.0 = Debug|Any CPU
		{12D122AA-D76F-48A8-8513-839F1B2A01E3}.Release|Any CPU.ActiveCfg = Release|Any CPU
		{12D122AA-D76F-48A8-8513-839F1B2A01E3}.Release|Any CPU.Build.0 = Release|Any CPU
		{966BCAB2-A5F6-41D1-8957-668A549212A3}.Debug|Any CPU.ActiveCfg = Debug|Any CPU
		{966BCAB2-A5F6-41D1-8957-668A549212A3}.Debug|Any CPU.Build.0 = Debug|Any CPU
		{966BCAB2-A5F6-41D1-8957-668A549212A3}.Release|Any CPU.ActiveCfg = Release|Any CPU
		{966BCAB2-A5F6-41D1-8957-668A549212A3}.Release|Any CPU.Build.0 = Release|Any CPU
		{E080E071-8975-4AD2-B0CB-F3E5A3C02B3E}.Debug|Any CPU.ActiveCfg = Debug|Any CPU
		{E080E071-8975-4AD2-B0CB-F3E5A3C02B3E}.Debug|Any CPU.Build.0 = Debug|Any CPU
		{E080E071-8975-4AD2-B0CB-F3E5A3C02B3E}.Release|Any CPU.ActiveCfg = Release|Any CPU
		{E080E071-8975-4AD2-B0CB-F3E5A3C02B3E}.Release|Any CPU.Build.0 = Release|Any CPU
		{1642E2FD-D681-4164-90D2-9936DAB3C988}.Debug|Any CPU.ActiveCfg = Debug|Any CPU
		{1642E2FD-D681-4164-90D2-9936DAB3C988}.Debug|Any CPU.Build.0 = Debug|Any CPU
		{1642E2FD-D681-4164-90D2-9936DAB3C988}.Release|Any CPU.ActiveCfg = Release|Any CPU
		{1642E2FD-D681-4164-90D2-9936DAB3C988}.Release|Any CPU.Build.0 = Release|Any CPU
		{27237B39-1E68-46B1-BDBC-EC3BE2A28F95}.Debug|Any CPU.ActiveCfg = Debug|Any CPU
		{27237B39-1E68-46B1-BDBC-EC3BE2A28F95}.Debug|Any CPU.Build.0 = Debug|Any CPU
		{27237B39-1E68-46B1-BDBC-EC3BE2A28F95}.Release|Any CPU.ActiveCfg = Release|Any CPU
		{27237B39-1E68-46B1-BDBC-EC3BE2A28F95}.Release|Any CPU.Build.0 = Release|Any CPU
		{DD06EB97-9822-415F-99D8-C0732DC5C26D}.Debug|Any CPU.ActiveCfg = Debug|Any CPU
		{DD06EB97-9822-415F-99D8-C0732DC5C26D}.Debug|Any CPU.Build.0 = Debug|Any CPU
		{DD06EB97-9822-415F-99D8-C0732DC5C26D}.Release|Any CPU.ActiveCfg = Release|Any CPU
		{DD06EB97-9822-415F-99D8-C0732DC5C26D}.Release|Any CPU.Build.0 = Release|Any CPU
		{12700E72-2B17-4E0A-A36E-281DF7EC224A}.Debug|Any CPU.ActiveCfg = Debug|Any CPU
		{12700E72-2B17-4E0A-A36E-281DF7EC224A}.Debug|Any CPU.Build.0 = Debug|Any CPU
		{12700E72-2B17-4E0A-A36E-281DF7EC224A}.Release|Any CPU.ActiveCfg = Release|Any CPU
		{12700E72-2B17-4E0A-A36E-281DF7EC224A}.Release|Any CPU.Build.0 = Release|Any CPU
		{7E5C56F1-E4AE-4F4A-AFB2-FEA3F421F7CC}.Debug|Any CPU.ActiveCfg = Debug|Any CPU
		{7E5C56F1-E4AE-4F4A-AFB2-FEA3F421F7CC}.Debug|Any CPU.Build.0 = Debug|Any CPU
		{7E5C56F1-E4AE-4F4A-AFB2-FEA3F421F7CC}.Release|Any CPU.ActiveCfg = Release|Any CPU
		{7E5C56F1-E4AE-4F4A-AFB2-FEA3F421F7CC}.Release|Any CPU.Build.0 = Release|Any CPU
		{95D40006-8C78-41F7-A336-D3448D534901}.Debug|Any CPU.ActiveCfg = Debug|Any CPU
		{95D40006-8C78-41F7-A336-D3448D534901}.Debug|Any CPU.Build.0 = Debug|Any CPU
		{95D40006-8C78-41F7-A336-D3448D534901}.Release|Any CPU.ActiveCfg = Release|Any CPU
		{95D40006-8C78-41F7-A336-D3448D534901}.Release|Any CPU.Build.0 = Release|Any CPU
		{E18730D4-836C-4A1A-BB39-F4E2F35CA07E}.Debug|Any CPU.ActiveCfg = Debug|Any CPU
		{E18730D4-836C-4A1A-BB39-F4E2F35CA07E}.Debug|Any CPU.Build.0 = Debug|Any CPU
		{E18730D4-836C-4A1A-BB39-F4E2F35CA07E}.Release|Any CPU.ActiveCfg = Release|Any CPU
		{E18730D4-836C-4A1A-BB39-F4E2F35CA07E}.Release|Any CPU.Build.0 = Release|Any CPU
		{01E3B53C-A1F4-4F03-B840-E5104ECB4164}.Debug|Any CPU.ActiveCfg = Debug|Any CPU
		{01E3B53C-A1F4-4F03-B840-E5104ECB4164}.Debug|Any CPU.Build.0 = Debug|Any CPU
		{01E3B53C-A1F4-4F03-B840-E5104ECB4164}.Release|Any CPU.ActiveCfg = Release|Any CPU
		{01E3B53C-A1F4-4F03-B840-E5104ECB4164}.Release|Any CPU.Build.0 = Release|Any CPU
		{091DBD7F-E1A2-420D-889A-EFE4EED1078D}.Debug|Any CPU.ActiveCfg = Debug|Any CPU
		{091DBD7F-E1A2-420D-889A-EFE4EED1078D}.Debug|Any CPU.Build.0 = Debug|Any CPU
		{091DBD7F-E1A2-420D-889A-EFE4EED1078D}.Release|Any CPU.ActiveCfg = Release|Any CPU
		{091DBD7F-E1A2-420D-889A-EFE4EED1078D}.Release|Any CPU.Build.0 = Release|Any CPU
		{DFDFDBC0-D0D8-4DCE-B6E5-AE5101C4B4D7}.Debug|Any CPU.ActiveCfg = Debug|Any CPU
		{DFDFDBC0-D0D8-4DCE-B6E5-AE5101C4B4D7}.Debug|Any CPU.Build.0 = Debug|Any CPU
		{DFDFDBC0-D0D8-4DCE-B6E5-AE5101C4B4D7}.Release|Any CPU.ActiveCfg = Release|Any CPU
		{DFDFDBC0-D0D8-4DCE-B6E5-AE5101C4B4D7}.Release|Any CPU.Build.0 = Release|Any CPU
		{17540D60-A28A-4F04-A230-C8E247474620}.Debug|Any CPU.ActiveCfg = Debug|Any CPU
		{17540D60-A28A-4F04-A230-C8E247474620}.Debug|Any CPU.Build.0 = Debug|Any CPU
		{17540D60-A28A-4F04-A230-C8E247474620}.Release|Any CPU.ActiveCfg = Release|Any CPU
		{17540D60-A28A-4F04-A230-C8E247474620}.Release|Any CPU.Build.0 = Release|Any CPU
		{5DF18F2E-E6AE-4F05-95F2-ACF59398FA60}.Debug|Any CPU.ActiveCfg = Debug|Any CPU
		{5DF18F2E-E6AE-4F05-95F2-ACF59398FA60}.Debug|Any CPU.Build.0 = Debug|Any CPU
		{5DF18F2E-E6AE-4F05-95F2-ACF59398FA60}.Release|Any CPU.ActiveCfg = Release|Any CPU
		{5DF18F2E-E6AE-4F05-95F2-ACF59398FA60}.Release|Any CPU.Build.0 = Release|Any CPU
		{F93A1614-748E-48DA-8266-B6CEE0EA8C0D}.Debug|Any CPU.ActiveCfg = Debug|Any CPU
		{F93A1614-748E-48DA-8266-B6CEE0EA8C0D}.Debug|Any CPU.Build.0 = Debug|Any CPU
		{F93A1614-748E-48DA-8266-B6CEE0EA8C0D}.Release|Any CPU.ActiveCfg = Release|Any CPU
		{F93A1614-748E-48DA-8266-B6CEE0EA8C0D}.Release|Any CPU.Build.0 = Release|Any CPU
		{383DDA0D-2D09-4B9E-B6F0-B790D2C3B7B6}.Debug|Any CPU.ActiveCfg = Debug|Any CPU
		{383DDA0D-2D09-4B9E-B6F0-B790D2C3B7B6}.Debug|Any CPU.Build.0 = Debug|Any CPU
		{383DDA0D-2D09-4B9E-B6F0-B790D2C3B7B6}.Release|Any CPU.ActiveCfg = Release|Any CPU
		{383DDA0D-2D09-4B9E-B6F0-B790D2C3B7B6}.Release|Any CPU.Build.0 = Release|Any CPU
	EndGlobalSection
	GlobalSection(SolutionProperties) = preSolution
		HideSolutionNode = FALSE
	EndGlobalSection
	GlobalSection(NestedProjects) = preSolution
		{8D670CB4-A3B2-4B5B-9799-6AE45B17D076} = {128027BE-BE1D-4A1A-8DD0-15A7718D1B9C}
		{A84FF104-421A-456D-ACCF-F9F1A049846C} = {128027BE-BE1D-4A1A-8DD0-15A7718D1B9C}
		{EE2BC22A-2F4F-4EBE-B1D4-37083EE444C6} = {128027BE-BE1D-4A1A-8DD0-15A7718D1B9C}
		{ACD0E4D3-5D8F-4A69-A0E6-6E47E44ACCA1} = {7876DB8A-F780-4539-AC3A-4E24EAF95595}
		{0988D81A-7A8F-49D7-9BDF-0EB2DB37870D} = {7876DB8A-F780-4539-AC3A-4E24EAF95595}
		{099DCFB7-A0B9-4F20-B19D-928CCD7F44C6} = {7876DB8A-F780-4539-AC3A-4E24EAF95595}
		{342DFBF5-7B22-4963-991B-A8A4CB43A293} = {70C1CC3A-A839-45D2-9012-5B01EB739019}
		{12D122AA-D76F-48A8-8513-839F1B2A01E3} = {70C1CC3A-A839-45D2-9012-5B01EB739019}
		{966BCAB2-A5F6-41D1-8957-668A549212A3} = {70C1CC3A-A839-45D2-9012-5B01EB739019}
		{E080E071-8975-4AD2-B0CB-F3E5A3C02B3E} = {D21A3B05-A349-42E7-A90E-BE58D5461EC4}
		{1642E2FD-D681-4164-90D2-9936DAB3C988} = {D21A3B05-A349-42E7-A90E-BE58D5461EC4}
		{27237B39-1E68-46B1-BDBC-EC3BE2A28F95} = {D21A3B05-A349-42E7-A90E-BE58D5461EC4}
		{DD06EB97-9822-415F-99D8-C0732DC5C26D} = {E7B3C5C9-9E02-4B41-B61E-9FCAF39D14C1}
		{12700E72-2B17-4E0A-A36E-281DF7EC224A} = {E7B3C5C9-9E02-4B41-B61E-9FCAF39D14C1}
		{7E5C56F1-E4AE-4F4A-AFB2-FEA3F421F7CC} = {E7B3C5C9-9E02-4B41-B61E-9FCAF39D14C1}
		{95D40006-8C78-41F7-A336-D3448D534901} = {61F814AE-C905-4301-B886-6FFA9BBE2EEC}
		{E18730D4-836C-4A1A-BB39-F4E2F35CA07E} = {61F814AE-C905-4301-B886-6FFA9BBE2EEC}
		{01E3B53C-A1F4-4F03-B840-E5104ECB4164} = {61F814AE-C905-4301-B886-6FFA9BBE2EEC}
		{091DBD7F-E1A2-420D-889A-EFE4EED1078D} = {476AE94E-C224-4DE6-A475-F000F7664A60}
		{DFDFDBC0-D0D8-4DCE-B6E5-AE5101C4B4D7} = {476AE94E-C224-4DE6-A475-F000F7664A60}
		{17540D60-A28A-4F04-A230-C8E247474620} = {476AE94E-C224-4DE6-A475-F000F7664A60}
		{5DF18F2E-E6AE-4F05-95F2-ACF59398FA60} = {0FE59E75-E538-4533-817C-5617A1660E84}
		{F93A1614-748E-48DA-8266-B6CEE0EA8C0D} = {0FE59E75-E538-4533-817C-5617A1660E84}
		{383DDA0D-2D09-4B9E-B6F0-B790D2C3B7B6} = {0FE59E75-E538-4533-817C-5617A1660E84}
	EndGlobalSection
	GlobalSection(ExtensibilityGlobals) = postSolution
		SolutionGuid = {1AF1200C-3757-4C5F-877B-E7C4EA6C5823}
	EndGlobalSection
EndGlobal
